{
  "version": 4,
  "terraform_version": "1.4.6",
  "serial": 36,
  "lineage": "fd1629f2-8ae4-fb6e-56d4-c1a4e7d23069",
  "outputs": {},
  "resources": [
    {
      "mode": "data",
      "type": "rancher2_cluster",
      "name": "cluster",
      "provider": "provider[\"registry.terraform.io/rancher/rancher2\"]",
      "instances": [
        {
          "schema_version": 0,
          "attributes": {
            "aks_config": null,
            "annotations": {
              "authz.management.cattle.io/creator-role-bindings": "{\"created\":[],\"required\":[\"cluster-owner\"]}",
              "lifecycle.cattle.io/create.cluster-agent-controller-cleanup": "true",
              "lifecycle.cattle.io/create.cluster-provisioner-controller": "true",
              "lifecycle.cattle.io/create.cluster-scoped-gc": "true",
              "lifecycle.cattle.io/create.mgmt-cluster-rbac-remove": "true",
              "management.cattle.io/current-cluster-controllers-version": "v1.24.12+k3s1",
              "provisioner.cattle.io/ke-driver-update": "updated"
            },
            "cluster_auth_endpoint": [
              {
                "ca_certs": "",
                "enabled": false,
                "fqdn": ""
              }
            ],
            "cluster_monitoring_input": [],
            "cluster_registration_token": [
              {
                "annotations": {},
                "cluster_id": "local",
                "command": "kubectl apply -f https://192.168.1.10:8443/v3/import/r45r8cn95j2w99hkdp5pm29mc58fprrdsdll6gvdz6qbwwvfzpk8pv_local.yaml",
                "id": "local:system",
                "insecure_command": "curl --insecure -sfL https://192.168.1.10:8443/v3/import/r45r8cn95j2w99hkdp5pm29mc58fprrdsdll6gvdz6qbwwvfzpk8pv_local.yaml | kubectl apply -f -",
                "labels": {
                  "cattle.io/creator": "norman"
                },
                "manifest_url": "https://192.168.1.10:8443/v3/import/r45r8cn95j2w99hkdp5pm29mc58fprrdsdll6gvdz6qbwwvfzpk8pv_local.yaml",
                "name": "system",
                "node_command": "sudo docker run -d --privileged --restart=unless-stopped --net=host -v /etc/kubernetes:/etc/kubernetes -v /var/run:/var/run  rancher/rancher-agent:v2.7-head --server https://192.168.1.10:8443 --token r45r8cn95j2w99hkdp5pm29mc58fprrdsdll6gvdz6qbwwvfzpk8pv --ca-checksum bdb363bd729d6110d28025c8a3abd691e446dda6d6c8d1f69d4f38afb43bb538",
                "token": "r45r8cn95j2w99hkdp5pm29mc58fprrdsdll6gvdz6qbwwvfzpk8pv",
                "windows_node_command": "PowerShell -NoLogo -NonInteractive -Command \"\u0026 {docker run -v c:\\:c:\\host rancher/rancher-agent:v2.7-head bootstrap --server https://192.168.1.10:8443 --token r45r8cn95j2w99hkdp5pm29mc58fprrdsdll6gvdz6qbwwvfzpk8pv --ca-checksum bdb363bd729d6110d28025c8a3abd691e446dda6d6c8d1f69d4f38afb43bb538 | iex}\""
              }
            ],
            "cluster_template_answers": null,
            "cluster_template_id": null,
            "cluster_template_questions": null,
            "cluster_template_revision_id": null,
            "default_pod_security_policy_template_id": null,
            "default_project_id": "local:p-7ndzb",
            "description": "",
            "driver": "k3s",
            "eks_config": null,
            "eks_config_v2": null,
            "enable_cluster_alerting": false,
            "enable_cluster_monitoring": false,
            "enable_network_policy": null,
            "gke_config": null,
            "id": "local",
            "k3s_config": [
              {
                "upgrade_strategy": [
                  {
                    "drain_server_nodes": false,
                    "drain_worker_nodes": false,
                    "server_concurrency": 1,
                    "worker_concurrency": 1
                  }
                ],
                "version": "v1.24.12+k3s1"
              }
            ],
            "kube_config": "apiVersion: v1\nkind: Config\nclusters:\n- name: \"local\"\n  cluster:\n    server: \"https://192.168.1.10:8443/k8s/clusters/local\"\n    certificate-authority-data: \"LS0tLS1CRUdJTiBDRVJUSUZJQ0FURS0tLS0tCk1JSUJ2RENDQ\\\n      VdPZ0F3SUJBZ0lCQURBS0JnZ3Foa2pPUFFRREFqQkdNUnd3R2dZRFZRUUtFeE5rZVc1aGJXbGoKY\\\n      kdsemRHVnVaWEl0YjNKbk1TWXdKQVlEVlFRRERCMWtlVzVoYldsamJHbHpkR1Z1WlhJdFkyRkFNV\\\n      Fk0TkRrMwpOamsxTXpBZUZ3MHlNekExTWpVd01UQTVNVE5hRncwek16QTFNakl3TVRBNU1UTmFNR\\\n      Vl4SERBYUJnTlZCQW9UCkUyUjVibUZ0YVdOc2FYTjBaVzVsY2kxdmNtY3hKakFrQmdOVkJBTU1IV\\\n      1I1Ym1GdGFXTnNhWE4wWlc1bGNpMWoKWVVBeE5qZzBPVGMyT1RVek1Ga3dFd1lIS29aSXpqMENBU\\\n      VlJS29aSXpqMERBUWNEUWdBRTZrZEY1K0FUU0xnKwp4eE52QmVZTXExUis2dUsxL1ovK1FCQVR6c\\\n      HZ6dWtVNWEzeU5hd0VBTkZwWldWNGp6K2pXMTFiSVdIWkY3d2t2Clo1UFR5dVVFUjZOQ01FQXdEZ\\\n      1lEVlIwUEFRSC9CQVFEQWdLa01BOEdBMVVkRXdFQi93UUZNQU1CQWY4d0hRWUQKVlIwT0JCWUVGU\\\n      DYvK2w3WVNqLzVCWm4xU3kxM0FjcXQyNm16TUFvR0NDcUdTTTQ5QkFNQ0EwY0FNRVFDSUhCaApVK\\\n      2VGeGtvZE50dmsvSUdYNzkwMGZaUC9IR2JEcXhrVG1DV1BNanVnQWlBbHpyRFBjdWptM3kzK0cyT\\\n      GFBZ3BjCmEvU2phYlBQSUNOQnlQU253SzYvOFE9PQotLS0tLUVORCBDRVJUSUZJQ0FURS0tLS0t\"\n\nusers:\n- name: \"local\"\n  user:\n    token: \"kubeconfig-user-pclgllpq2x:w2xlqd4qjtg2rhnbf8chv6zp98db7xg4dxxhvlxjzkfp8j8psq7plf\"\n\n\ncontexts:\n- name: \"local\"\n  context:\n    user: \"local\"\n    cluster: \"local\"\n\ncurrent-context: \"local\"\n",
            "labels": {
              "provider.cattle.io": "k3s"
            },
            "name": "local",
            "oke_config": null,
            "rke_config": [],
            "scheduled_cluster_scan": null,
            "system_project_id": "local:p-gjtcl"
          },
          "sensitive_attributes": []
        }
      ]
    },
    {
      "mode": "managed",
      "type": "rancher2_namespace",
      "name": "namespace",
      "provider": "provider[\"registry.terraform.io/rancher/rancher2\"]",
      "instances": [
        {
          "schema_version": 0,
          "attributes": {
            "annotations": {
              "cattle.io/status": "{\"Conditions\":[{\"Type\":\"InitialRolesPopulated\",\"Status\":\"True\",\"Message\":\"\",\"LastUpdateTime\":\"2023-05-24T22:16:51-03:00\"},{\"Type\":\"ResourceQuotaInit\",\"Status\":\"True\",\"Message\":\"\",\"LastUpdateTime\":\"2023-05-24T22:16:50-03:00\"}]}",
              "lifecycle.cattle.io/create.namespace-auth": "true"
            },
            "container_resource_limit": [],
            "description": "My new namespace for debugging",
            "id": "terraspace",
            "labels": {
              "cattle.io/creator": "norman",
              "field.cattle.io/projectId": "p-txb8l",
              "kubernetes.io/metadata.name": "terraspace"
            },
            "name": "terraspace",
            "project_id": "local:p-txb8l",
            "resource_quota": [],
            "timeouts": null,
            "wait_for_cluster": false
          },
          "sensitive_attributes": [],
          "private": "eyJlMmJmYjczMC1lY2FhLTExZTYtOGY4OC0zNDM2M2JjN2M0YzAiOnsiY3JlYXRlIjo2MDAwMDAwMDAwMDAsImRlbGV0ZSI6NjAwMDAwMDAwMDAwLCJ1cGRhdGUiOjYwMDAwMDAwMDAwMH19",
          "dependencies": [
            "data.rancher2_cluster.cluster",
            "rancher2_project.project"
          ]
        }
      ]
    },
    {
      "mode": "managed",
      "type": "rancher2_namespace",
      "name": "namespace2",
      "provider": "provider[\"registry.terraform.io/rancher/rancher2\"]",
      "instances": [
        {
          "schema_version": 0,
          "attributes": {
            "annotations": {
              "cattle.io/status": "{\"Conditions\":[{\"Type\":\"InitialRolesPopulated\",\"Status\":\"True\",\"Message\":\"\",\"LastUpdateTime\":\"2023-05-24T22:18:30-03:00\"},{\"Type\":\"ResourceQuotaInit\",\"Status\":\"True\",\"Message\":\"\",\"LastUpdateTime\":\"2023-05-24T22:18:29-03:00\"}]}",
              "lifecycle.cattle.io/create.namespace-auth": "true"
            },
            "container_resource_limit": [],
            "description": "",
            "id": "terraspace-2",
            "labels": {
              "cattle.io/creator": "norman",
              "field.cattle.io/projectId": "p-txb8l",
              "kubernetes.io/metadata.name": "terraspace-2"
            },
            "name": "terraspace-2",
            "project_id": "local:p-txb8l",
            "resource_quota": [],
            "timeouts": null,
            "wait_for_cluster": false
          },
          "sensitive_attributes": [],
          "private": "eyJlMmJmYjczMC1lY2FhLTExZTYtOGY4OC0zNDM2M2JjN2M0YzAiOnsiY3JlYXRlIjo2MDAwMDAwMDAwMDAsImRlbGV0ZSI6NjAwMDAwMDAwMDAwLCJ1cGRhdGUiOjYwMDAwMDAwMDAwMH19",
          "dependencies": [
            "rancher2_project.project"
          ]
        }
      ]
    },
    {
      "mode": "managed",
      "type": "rancher2_project",
      "name": "project",
      "provider": "provider[\"registry.terraform.io/rancher/rancher2\"]",
      "instances": [
        {
          "schema_version": 0,
          "attributes": {
            "annotations": {
              "authz.management.cattle.io/creator-role-bindings": "{\"created\":[\"project-owner\"],\"required\":[\"project-owner\"]}",
              "lifecycle.cattle.io/create.mgmt-project-rbac-remove": "true",
              "lifecycle.cattle.io/create.project-namespace-auth_local": "true"
            },
            "cluster_id": "local",
            "container_resource_limit": [],
            "description": "My new project for debugging",
            "enable_project_monitoring": false,
            "id": "local:p-txb8l",
            "labels": {
              "cattle.io/creator": "norman"
            },
            "name": "terraproject",
            "pod_security_policy_template_id": "",
            "project_monitoring_input": [],
            "resource_quota": [],
            "timeouts": null,
            "wait_for_cluster": false
          },
          "sensitive_attributes": [],
          "private": "eyJlMmJmYjczMC1lY2FhLTExZTYtOGY4OC0zNDM2M2JjN2M0YzAiOnsiY3JlYXRlIjo2MDAwMDAwMDAwMDAsImRlbGV0ZSI6NjAwMDAwMDAwMDAwLCJ1cGRhdGUiOjYwMDAwMDAwMDAwMH19",
          "dependencies": [
            "data.rancher2_cluster.cluster"
          ]
        }
      ]
    }
  ],
  "check_results": null
}
